
Microsoft Visual Studio Solution File, Format Version 12.00
# Visual Studio Version 17
VisualStudioVersion = 17.0.32002.185
MinimumVisualStudioVersion = 10.0.40219.1
Project("{9A19103F-16F7-4668-BE54-9A1E7A4F7556}") = "JWLMerge.BackupFileServices", "JWLMerge.BackupFileServices\JWLMerge.BackupFileServices.csproj", "{83446629-CDBB-43FF-B628-1B8A3A9603C3}"
EndProject
Project("{2150E333-8FDC-42A3-9474-1A3956D46DE8}") = "JWL Database Schemas", "JWL Database Schemas", "{DA7BDF58-CFEA-489C-B18C-944D9986758D}"
	ProjectSection(SolutionItems) = preProject
		readme.txt = readme.txt
		Version005.txt = Version005.txt
		Version007.txt = Version007.txt
		Version008.txt = Version008.txt
	EndProjectSection
EndProject
Project("{9A19103F-16F7-4668-BE54-9A1E7A4F7556}") = "JWLMergeCLI", "JWLMergeCLI\JWLMergeCLI.csproj", "{2CBBA1C2-72C9-4287-A262-EC1D2A2F6E56}"
EndProject
Project("{2150E333-8FDC-42A3-9474-1A3956D46DE8}") = "Solution Items", "Solution Items", "{DA506BB2-675E-47BE-BC54-ED6EAE369243}"
	ProjectSection(SolutionItems) = preProject
		.editorconfig = .editorconfig
		jwlmergecmdline.png = jwlmergecmdline.png
		SolutionInfo.cs = SolutionInfo.cs
	EndProjectSection
EndProject
Project("{9A19103F-16F7-4668-BE54-9A1E7A4F7556}") = "JWLMerge.Tests", "JWLMerge.Tests\JWLMerge.Tests.csproj", "{07B843A0-2DD7-40C1-AFE9-5F1BCA22393E}"
EndProject
Project("{9A19103F-16F7-4668-BE54-9A1E7A4F7556}") = "JWLMerge", "JWLMerge\JWLMerge.csproj", "{0D88A466-7C90-4C0B-B8BA-E1F5EC91D4A4}"
EndProject
Project("{9A19103F-16F7-4668-BE54-9A1E7A4F7556}") = "JWLMerge.ExcelServices", "JWLMerge.ExcelServices\JWLMerge.ExcelServices.csproj", "{F8D64B6C-C475-4B5E-8B32-D717380F0F36}"
EndProject
Project("{9A19103F-16F7-4668-BE54-9A1E7A4F7556}") = "JWLMerge.ImportExportServices", "JWLMerge.ImportExportServices\JWLMerge.ImportExportServices.csproj", "{97033B43-B1CE-48EB-B022-05BFD156AB47}"
EndProject
Global
	GlobalSection(SolutionConfigurationPlatforms) = preSolution
		Debug|Any CPU = Debug|Any CPU
		Debug|x64 = Debug|x64
		Debug|x86 = Debug|x86
		Release|Any CPU = Release|Any CPU
		Release|x64 = Release|x64
		Release|x86 = Release|x86
	EndGlobalSection
	GlobalSection(ProjectConfigurationPlatforms) = postSolution
		{83446629-CDBB-43FF-B628-1B8A3A9603C3}.Debug|Any CPU.ActiveCfg = Debug|Any CPU
		{83446629-CDBB-43FF-B628-1B8A3A9603C3}.Debug|Any CPU.Build.0 = Debug|Any CPU
		{83446629-CDBB-43FF-B628-1B8A3A9603C3}.Debug|x64.ActiveCfg = Debug|x64
		{83446629-CDBB-43FF-B628-1B8A3A9603C3}.Debug|x64.Build.0 = Debug|x64
		{83446629-CDBB-43FF-B628-1B8A3A9603C3}.Debug|x86.ActiveCfg = Debug|Any CPU
		{83446629-CDBB-43FF-B628-1B8A3A9603C3}.Debug|x86.Build.0 = Debug|Any CPU
		{83446629-CDBB-43FF-B628-1B8A3A9603C3}.Release|Any CPU.ActiveCfg = Release|Any CPU
		{83446629-CDBB-43FF-B628-1B8A3A9603C3}.Release|Any CPU.Build.0 = Release|Any CPU
		{83446629-CDBB-43FF-B628-1B8A3A9603C3}.Release|x64.ActiveCfg = Release|x64
		{83446629-CDBB-43FF-B628-1B8A3A9603C3}.Release|x64.Build.0 = Release|x64
		{83446629-CDBB-43FF-B628-1B8A3A9603C3}.Release|x86.ActiveCfg = Release|Any CPU
		{83446629-CDBB-43FF-B628-1B8A3A9603C3}.Release|x86.Build.0 = Release|Any CPU
		{2CBBA1C2-72C9-4287-A262-EC1D2A2F6E56}.Debug|Any CPU.ActiveCfg = Debug|Any CPU
		{2CBBA1C2-72C9-4287-A262-EC1D2A2F6E56}.Debug|Any CPU.Build.0 = Debug|Any CPU
		{2CBBA1C2-72C9-4287-A262-EC1D2A2F6E56}.Debug|x64.ActiveCfg = Debug|x64
		{2CBBA1C2-72C9-4287-A262-EC1D2A2F6E56}.Debug|x64.Build.0 = Debug|x64
		{2CBBA1C2-72C9-4287-A262-EC1D2A2F6E56}.Debug|x86.ActiveCfg = Debug|Any CPU
		{2CBBA1C2-72C9-4287-A262-EC1D2A2F6E56}.Debug|x86.Build.0 = Debug|Any CPU
		{2CBBA1C2-72C9-4287-A262-EC1D2A2F6E56}.Release|Any CPU.ActiveCfg = Release|Any CPU
		{2CBBA1C2-72C9-4287-A262-EC1D2A2F6E56}.Release|Any CPU.Build.0 = Release|Any CPU
		{2CBBA1C2-72C9-4287-A262-EC1D2A2F6E56}.Release|x64.ActiveCfg = Release|x64
		{2CBBA1C2-72C9-4287-A262-EC1D2A2F6E56}.Release|x64.Build.0 = Release|x64
		{2CBBA1C2-72C9-4287-A262-EC1D2A2F6E56}.Release|x86.ActiveCfg = Release|Any CPU
		{2CBBA1C2-72C9-4287-A262-EC1D2A2F6E56}.Release|x86.Build.0 = Release|Any CPU
		{07B843A0-2DD7-40C1-AFE9-5F1BCA22393E}.Debug|Any CPU.ActiveCfg = Debug|Any CPU
		{07B843A0-2DD7-40C1-AFE9-5F1BCA22393E}.Debug|Any CPU.Build.0 = Debug|Any CPU
		{07B843A0-2DD7-40C1-AFE9-5F1BCA22393E}.Debug|x64.ActiveCfg = Debug|x64
		{07B843A0-2DD7-40C1-AFE9-5F1BCA22393E}.Debug|x64.Build.0 = Debug|x64
		{07B843A0-2DD7-40C1-AFE9-5F1BCA22393E}.Debug|x86.ActiveCfg = Debug|Any CPU
		{07B843A0-2DD7-40C1-AFE9-5F1BCA22393E}.Debug|x86.Build.0 = Debug|Any CPU
		{07B843A0-2DD7-40C1-AFE9-5F1BCA22393E}.Release|Any CPU.ActiveCfg = Release|Any CPU
		{07B843A0-2DD7-40C1-AFE9-5F1BCA22393E}.Release|Any CPU.Build.0 = Release|Any CPU
		{07B843A0-2DD7-40C1-AFE9-5F1BCA22393E}.Release|x64.ActiveCfg = Release|x64
		{07B843A0-2DD7-40C1-AFE9-5F1BCA22393E}.Release|x64.Build.0 = Release|x64
		{07B843A0-2DD7-40C1-AFE9-5F1BCA22393E}.Release|x86.ActiveCfg = Release|Any CPU
		{07B843A0-2DD7-40C1-AFE9-5F1BCA22393E}.Release|x86.Build.0 = Release|Any CPU
		{0D88A466-7C90-4C0B-B8BA-E1F5EC91D4A4}.Debug|Any CPU.ActiveCfg = Debug|Any CPU
		{0D88A466-7C90-4C0B-B8BA-E1F5EC91D4A4}.Debug|Any CPU.Build.0 = Debug|Any CPU
		{0D88A466-7C90-4C0B-B8BA-E1F5EC91D4A4}.Debug|x64.ActiveCfg = Debug|x64
		{0D88A466-7C90-4C0B-B8BA-E1F5EC91D4A4}.Debug|x64.Build.0 = Debug|x64
		{0D88A466-7C90-4C0B-B8BA-E1F5EC91D4A4}.Debug|x86.ActiveCfg = Debug|Any CPU
		{0D88A466-7C90-4C0B-B8BA-E1F5EC91D4A4}.Debug|x86.Build.0 = Debug|Any CPU
		{0D88A466-7C90-4C0B-B8BA-E1F5EC91D4A4}.Release|Any CPU.ActiveCfg = Release|Any CPU
		{0D88A466-7C90-4C0B-B8BA-E1F5EC91D4A4}.Release|Any CPU.Build.0 = Release|Any CPU
		{0D88A466-7C90-4C0B-B8BA-E1F5EC91D4A4}.Release|x64.ActiveCfg = Release|x64
		{0D88A466-7C90-4C0B-B8BA-E1F5EC91D4A4}.Release|x64.Build.0 = Release|x64
		{0D88A466-7C90-4C0B-B8BA-E1F5EC91D4A4}.Release|x86.ActiveCfg = Release|Any CPU
		{0D88A466-7C90-4C0B-B8BA-E1F5EC91D4A4}.Release|x86.Build.0 = Release|Any CPU
		{F8D64B6C-C475-4B5E-8B32-D717380F0F36}.Debug|Any CPU.ActiveCfg = Debug|Any CPU
		{F8D64B6C-C475-4B5E-8B32-D717380F0F36}.Debug|Any CPU.Build.0 = Debug|Any CPU
		{F8D64B6C-C475-4B5E-8B32-D717380F0F36}.Debug|x64.ActiveCfg = Debug|x64
		{F8D64B6C-C475-4B5E-8B32-D717380F0F36}.Debug|x64.Build.0 = Debug|x64
		{F8D64B6C-C475-4B5E-8B32-D717380F0F36}.Debug|x86.ActiveCfg = Debug|Any CPU
		{F8D64B6C-C475-4B5E-8B32-D717380F0F36}.Debug|x86.Build.0 = Debug|Any CPU
		{F8D64B6C-C475-4B5E-8B32-D717380F0F36}.Release|Any CPU.ActiveCfg = Release|Any CPU
		{F8D64B6C-C475-4B5E-8B32-D717380F0F36}.Release|Any CPU.Build.0 = Release|Any CPU
		{F8D64B6C-C475-4B5E-8B32-D717380F0F36}.Release|x64.ActiveCfg = Release|x64
		{F8D64B6C-C475-4B5E-8B32-D717380F0F36}.Release|x64.Build.0 = Release|x64
		{F8D64B6C-C475-4B5E-8B32-D717380F0F36}.Release|x86.ActiveCfg = Release|Any CPU
		{F8D64B6C-C475-4B5E-8B32-D717380F0F36}.Release|x86.Build.0 = Release|Any CPU
		{97033B43-B1CE-48EB-B022-05BFD156AB47}.Debug|Any CPU.ActiveCfg = Debug|Any CPU
		{97033B43-B1CE-48EB-B022-05BFD156AB47}.Debug|Any CPU.Build.0 = Debug|Any CPU
		{97033B43-B1CE-48EB-B022-05BFD156AB47}.Debug|x64.ActiveCfg = Debug|Any CPU
		{97033B43-B1CE-48EB-B022-05BFD156AB47}.Debug|x64.Build.0 = Debug|Any CPU
		{97033B43-B1CE-48EB-B022-05BFD156AB47}.Debug|x86.ActiveCfg = Debug|Any CPU
		{97033B43-B1CE-48EB-B022-05BFD156AB47}.Debug|x86.Build.0 = Debug|Any CPU
		{97033B43-B1CE-48EB-B022-05BFD156AB47}.Release|Any CPU.ActiveCfg = Release|Any CPU
		{97033B43-B1CE-48EB-B022-05BFD156AB47}.Release|Any CPU.Build.0 = Release|Any CPU
		{97033B43-B1CE-48EB-B022-05BFD156AB47}.Release|x64.ActiveCfg = Release|Any CPU
		{97033B43-B1CE-48EB-B022-05BFD156AB47}.Release|x64.Build.0 = Release|Any CPU
		{97033B43-B1CE-48EB-B022-05BFD156AB47}.Release|x86.ActiveCfg = Release|Any CPU
		{97033B43-B1CE-48EB-B022-05BFD156AB47}.Release|x86.Build.0 = Release|Any CPU
	EndGlobalSection
	GlobalSection(SolutionProperties) = preSolution
		HideSolutionNode = FALSE
	EndGlobalSection
	GlobalSection(ExtensibilityGlobals) = postSolution
		SolutionGuid = {25CF4C37-61F2-4F17-B1D5-F2EF80D9A55B}
	EndGlobalSection
EndGlobal
